// !$*UTF8*$!
{
	archiveVersion = 1;
	classes = {
	};
	objectVersion = 46;
	objects = {

/* Begin PBXBuildFile section */
		AB1F8ED21C177AEE00505E71 /* AdLibCollectionViewController.m in Sources */ = {isa = PBXBuildFile; fileRef = AB1F8ED11C177AEE00505E71 /* AdLibCollectionViewController.m */; };
		AB1F8ED61C1780A600505E71 /* AdLibCustomCollectionViewCell.m in Sources */ = {isa = PBXBuildFile; fileRef = AB1F8ED51C1780A600505E71 /* AdLibCustomCollectionViewCell.m */; };
		AB4CCD011C0CE9C7007FAF19 /* AdverbViewController.m in Sources */ = {isa = PBXBuildFile; fileRef = AB4CCD001C0CE9C7007FAF19 /* AdverbViewController.m */; };
		AB4CCD041C0CEE75007FAF19 /* NounViewController.m in Sources */ = {isa = PBXBuildFile; fileRef = AB4CCD031C0CEE75007FAF19 /* NounViewController.m */; };
		AB4CCD071C0CEE86007FAF19 /* DisplaySentenceViewController.m in Sources */ = {isa = PBXBuildFile; fileRef = AB4CCD061C0CEE86007FAF19 /* DisplaySentenceViewController.m */; };
		AB4CCD121C0E3EC4007FAF19 /* MadLibTableViewController.m in Sources */ = {isa = PBXBuildFile; fileRef = AB4CCD111C0E3EC4007FAF19 /* MadLibTableViewController.m */; };
		AB4CCD1C1C110D53007FAF19 /* SecondMadLibViewController.m in Sources */ = {isa = PBXBuildFile; fileRef = AB4CCD1B1C110D53007FAF19 /* SecondMadLibViewController.m */; };
		AB4CCD261C14F313007FAF19 /* Fireworks-iOS in Resources */ = {isa = PBXBuildFile; fileRef = AB4CCD211C14F313007FAF19 /* Fireworks-iOS */; };
		AB4CCD271C14F313007FAF19 /* README in Resources */ = {isa = PBXBuildFile; fileRef = AB4CCD251C14F313007FAF19 /* README */; };
		AB4CCD2D1C14F380007FAF19 /* FireWorksViewController.m in Sources */ = {isa = PBXBuildFile; fileRef = AB4CCD2C1C14F380007FAF19 /* FireWorksViewController.m */; };
		ABA891321C0214BE00907931 /* main.m in Sources */ = {isa = PBXBuildFile; fileRef = ABA891311C0214BE00907931 /* main.m */; };
		ABA891351C0214BE00907931 /* AppDelegate.m in Sources */ = {isa = PBXBuildFile; fileRef = ABA891341C0214BE00907931 /* AppDelegate.m */; };
		ABA891381C0214BE00907931 /* MainViewController.m in Sources */ = {isa = PBXBuildFile; fileRef = ABA891371C0214BE00907931 /* MainViewController.m */; };
		ABA8913B1C0214BE00907931 /* Main.storyboard in Resources */ = {isa = PBXBuildFile; fileRef = ABA891391C0214BE00907931 /* Main.storyboard */; };
		ABA8913D1C0214BE00907931 /* Images.xcassets in Resources */ = {isa = PBXBuildFile; fileRef = ABA8913C1C0214BE00907931 /* Images.xcassets */; };
		ABA891401C0214BE00907931 /* LaunchScreen.xib in Resources */ = {isa = PBXBuildFile; fileRef = ABA8913E1C0214BE00907931 /* LaunchScreen.xib */; };
		ABA8914C1C0214BE00907931 /* learning_obj_cTests.m in Sources */ = {isa = PBXBuildFile; fileRef = ABA8914B1C0214BE00907931 /* learning_obj_cTests.m */; };
		ABA8915C1C064E5A00907931 /* PushViewController.m in Sources */ = {isa = PBXBuildFile; fileRef = ABA8915B1C064E5A00907931 /* PushViewController.m */; };
/* End PBXBuildFile section */

/* Begin PBXContainerItemProxy section */
		AB4CCD291C14F313007FAF19 /* PBXContainerItemProxy */ = {
			isa = PBXContainerItemProxy;
			containerPortal = AB4CCD221C14F313007FAF19 /* Fireworks-iOS.xcodeproj */;
			proxyType = 2;
			remoteGlobalIDString = 988F9402146DD3B800C11DF8;
			remoteInfo = "Fireworks-iOS";
		};
		ABA891461C0214BE00907931 /* PBXContainerItemProxy */ = {
			isa = PBXContainerItemProxy;
			containerPortal = ABA891241C0214BE00907931 /* Project object */;
			proxyType = 1;
			remoteGlobalIDString = ABA8912B1C0214BE00907931;
			remoteInfo = learning_obj_c;
		};
/* End PBXContainerItemProxy section */

/* Begin PBXFileReference section */
		AB1F8ED01C177AEE00505E71 /* AdLibCollectionViewController.h */ = {isa = PBXFileReference; fileEncoding = 4; lastKnownFileType = sourcecode.c.h; path = AdLibCollectionViewController.h; sourceTree = "<group>"; };
		AB1F8ED11C177AEE00505E71 /* AdLibCollectionViewController.m */ = {isa = PBXFileReference; fileEncoding = 4; lastKnownFileType = sourcecode.c.objc; path = AdLibCollectionViewController.m; sourceTree = "<group>"; };
		AB1F8ED41C1780A600505E71 /* AdLibCustomCollectionViewCell.h */ = {isa = PBXFileReference; fileEncoding = 4; lastKnownFileType = sourcecode.c.h; path = AdLibCustomCollectionViewCell.h; sourceTree = "<group>"; };
		AB1F8ED51C1780A600505E71 /* AdLibCustomCollectionViewCell.m */ = {isa = PBXFileReference; fileEncoding = 4; lastKnownFileType = sourcecode.c.objc; path = AdLibCustomCollectionViewCell.m; sourceTree = "<group>"; };
		AB4CCCFF1C0CE9C7007FAF19 /* AdverbViewController.h */ = {isa = PBXFileReference; fileEncoding = 4; lastKnownFileType = sourcecode.c.h; path = AdverbViewController.h; sourceTree = "<group>"; };
		AB4CCD001C0CE9C7007FAF19 /* AdverbViewController.m */ = {isa = PBXFileReference; fileEncoding = 4; lastKnownFileType = sourcecode.c.objc; path = AdverbViewController.m; sourceTree = "<group>"; };
		AB4CCD021C0CEE75007FAF19 /* NounViewController.h */ = {isa = PBXFileReference; fileEncoding = 4; lastKnownFileType = sourcecode.c.h; path = NounViewController.h; sourceTree = "<group>"; };
		AB4CCD031C0CEE75007FAF19 /* NounViewController.m */ = {isa = PBXFileReference; fileEncoding = 4; lastKnownFileType = sourcecode.c.objc; path = NounViewController.m; sourceTree = "<group>"; };
		AB4CCD051C0CEE86007FAF19 /* DisplaySentenceViewController.h */ = {isa = PBXFileReference; fileEncoding = 4; lastKnownFileType = sourcecode.c.h; path = DisplaySentenceViewController.h; sourceTree = "<group>"; };
		AB4CCD061C0CEE86007FAF19 /* DisplaySentenceViewController.m */ = {isa = PBXFileReference; fileEncoding = 4; lastKnownFileType = sourcecode.c.objc; path = DisplaySentenceViewController.m; sourceTree = "<group>"; };
		AB4CCD101C0E3EC4007FAF19 /* MadLibTableViewController.h */ = {isa = PBXFileReference; fileEncoding = 4; lastKnownFileType = sourcecode.c.h; path = MadLibTableViewController.h; sourceTree = "<group>"; };
		AB4CCD111C0E3EC4007FAF19 /* MadLibTableViewController.m */ = {isa = PBXFileReference; fileEncoding = 4; lastKnownFileType = sourcecode.c.objc; path = MadLibTableViewController.m; sourceTree = "<group>"; };
		AB4CCD1A1C110D53007FAF19 /* SecondMadLibViewController.h */ = {isa = PBXFileReference; fileEncoding = 4; lastKnownFileType = sourcecode.c.h; path = SecondMadLibViewController.h; sourceTree = "<group>"; };
		AB4CCD1B1C110D53007FAF19 /* SecondMadLibViewController.m */ = {isa = PBXFileReference; fileEncoding = 4; lastKnownFileType = sourcecode.c.objc; path = SecondMadLibViewController.m; sourceTree = "<group>"; };
		AB4CCD211C14F313007FAF19 /* Fireworks-iOS */ = {isa = PBXFileReference; lastKnownFileType = folder; path = "Fireworks-iOS"; sourceTree = "<group>"; };
		AB4CCD221C14F313007FAF19 /* Fireworks-iOS.xcodeproj */ = {isa = PBXFileReference; lastKnownFileType = "wrapper.pb-project"; path = "Fireworks-iOS.xcodeproj"; sourceTree = "<group>"; };
		AB4CCD251C14F313007FAF19 /* README */ = {isa = PBXFileReference; fileEncoding = 4; lastKnownFileType = text; path = README; sourceTree = "<group>"; };
		AB4CCD2B1C14F380007FAF19 /* FireWorksViewController.h */ = {isa = PBXFileReference; fileEncoding = 4; lastKnownFileType = sourcecode.c.h; path = FireWorksViewController.h; sourceTree = "<group>"; };
		AB4CCD2C1C14F380007FAF19 /* FireWorksViewController.m */ = {isa = PBXFileReference; fileEncoding = 4; lastKnownFileType = sourcecode.c.objc; path = FireWorksViewController.m; sourceTree = "<group>"; };
		ABA8912C1C0214BE00907931 /* learning_obj_c.app */ = {isa = PBXFileReference; explicitFileType = wrapper.application; includeInIndex = 0; path = learning_obj_c.app; sourceTree = BUILT_PRODUCTS_DIR; };
		ABA891301C0214BE00907931 /* Info.plist */ = {isa = PBXFileReference; lastKnownFileType = text.plist.xml; path = Info.plist; sourceTree = "<group>"; };
		ABA891311C0214BE00907931 /* main.m */ = {isa = PBXFileReference; lastKnownFileType = sourcecode.c.objc; path = main.m; sourceTree = "<group>"; };
		ABA891331C0214BE00907931 /* AppDelegate.h */ = {isa = PBXFileReference; lastKnownFileType = sourcecode.c.h; path = AppDelegate.h; sourceTree = "<group>"; };
		ABA891341C0214BE00907931 /* AppDelegate.m */ = {isa = PBXFileReference; lastKnownFileType = sourcecode.c.objc; path = AppDelegate.m; sourceTree = "<group>"; };
		ABA891361C0214BE00907931 /* MainViewController.h */ = {isa = PBXFileReference; lastKnownFileType = sourcecode.c.h; path = MainViewController.h; sourceTree = "<group>"; };
		ABA891371C0214BE00907931 /* MainViewController.m */ = {isa = PBXFileReference; lastKnownFileType = sourcecode.c.objc; path = MainViewController.m; sourceTree = "<group>"; };
		ABA8913A1C0214BE00907931 /* Base */ = {isa = PBXFileReference; lastKnownFileType = file.storyboard; name = Base; path = Base.lproj/Main.storyboard; sourceTree = "<group>"; };
		ABA8913C1C0214BE00907931 /* Images.xcassets */ = {isa = PBXFileReference; lastKnownFileType = folder.assetcatalog; path = Images.xcassets; sourceTree = "<group>"; };
		ABA8913F1C0214BE00907931 /* Base */ = {isa = PBXFileReference; lastKnownFileType = file.xib; name = Base; path = Base.lproj/LaunchScreen.xib; sourceTree = "<group>"; };
		ABA891451C0214BE00907931 /* learning_obj_cTests.xctest */ = {isa = PBXFileReference; explicitFileType = wrapper.cfbundle; includeInIndex = 0; path = learning_obj_cTests.xctest; sourceTree = BUILT_PRODUCTS_DIR; };
		ABA8914A1C0214BE00907931 /* Info.plist */ = {isa = PBXFileReference; lastKnownFileType = text.plist.xml; path = Info.plist; sourceTree = "<group>"; };
		ABA8914B1C0214BE00907931 /* learning_obj_cTests.m */ = {isa = PBXFileReference; lastKnownFileType = sourcecode.c.objc; path = learning_obj_cTests.m; sourceTree = "<group>"; };
		ABA8915A1C064E5A00907931 /* PushViewController.h */ = {isa = PBXFileReference; fileEncoding = 4; lastKnownFileType = sourcecode.c.h; name = PushViewController.h; path = ../PushViewController.h; sourceTree = "<group>"; };
		ABA8915B1C064E5A00907931 /* PushViewController.m */ = {isa = PBXFileReference; fileEncoding = 4; lastKnownFileType = sourcecode.c.objc; name = PushViewController.m; path = ../PushViewController.m; sourceTree = "<group>"; };
/* End PBXFileReference section */

/* Begin PBXFrameworksBuildPhase section */
		ABA891291C0214BE00907931 /* Frameworks */ = {
			isa = PBXFrameworksBuildPhase;
			buildActionMask = 2147483647;
			files = (
			);
			runOnlyForDeploymentPostprocessing = 0;
		};
		ABA891421C0214BE00907931 /* Frameworks */ = {
			isa = PBXFrameworksBuildPhase;
			buildActionMask = 2147483647;
			files = (
			);
			runOnlyForDeploymentPostprocessing = 0;
		};
/* End PBXFrameworksBuildPhase section */

/* Begin PBXGroup section */
		AB4CCD231C14F313007FAF19 /* Products */ = {
			isa = PBXGroup;
			children = (
				AB4CCD2A1C14F313007FAF19 /* Fireworks-iOS.app */,
			);
			name = Products;
			sourceTree = "<group>";
		};
		ABA891231C0214BE00907931 = {
			isa = PBXGroup;
			children = (
				AB4CCD211C14F313007FAF19 /* Fireworks-iOS */,
				AB4CCD221C14F313007FAF19 /* Fireworks-iOS.xcodeproj */,
				AB4CCD251C14F313007FAF19 /* README */,
				ABA8912E1C0214BE00907931 /* learning_obj_c */,
				ABA891481C0214BE00907931 /* learning_obj_cTests */,
				ABA8912D1C0214BE00907931 /* Products */,
			);
			sourceTree = "<group>";
		};
		ABA8912D1C0214BE00907931 /* Products */ = {
			isa = PBXGroup;
			children = (
				ABA8912C1C0214BE00907931 /* learning_obj_c.app */,
				ABA891451C0214BE00907931 /* learning_obj_cTests.xctest */,
			);
			name = Products;
			sourceTree = "<group>";
		};
		ABA8912E1C0214BE00907931 /* learning_obj_c */ = {
			isa = PBXGroup;
			children = (
				ABA8915A1C064E5A00907931 /* PushViewController.h */,
				ABA8915B1C064E5A00907931 /* PushViewController.m */,
				ABA891331C0214BE00907931 /* AppDelegate.h */,
				ABA891341C0214BE00907931 /* AppDelegate.m */,
				ABA891361C0214BE00907931 /* MainViewController.h */,
				ABA891371C0214BE00907931 /* MainViewController.m */,
				ABA891391C0214BE00907931 /* Main.storyboard */,
				ABA8913C1C0214BE00907931 /* Images.xcassets */,
				ABA8913E1C0214BE00907931 /* LaunchScreen.xib */,
				ABA8912F1C0214BE00907931 /* Supporting Files */,
				AB4CCCFF1C0CE9C7007FAF19 /* AdverbViewController.h */,
				AB4CCD001C0CE9C7007FAF19 /* AdverbViewController.m */,
				AB4CCD021C0CEE75007FAF19 /* NounViewController.h */,
				AB4CCD031C0CEE75007FAF19 /* NounViewController.m */,
				AB4CCD051C0CEE86007FAF19 /* DisplaySentenceViewController.h */,
				AB4CCD061C0CEE86007FAF19 /* DisplaySentenceViewController.m */,
				AB4CCD101C0E3EC4007FAF19 /* MadLibTableViewController.h */,
				AB4CCD111C0E3EC4007FAF19 /* MadLibTableViewController.m */,
				AB4CCD1A1C110D53007FAF19 /* SecondMadLibViewController.h */,
				AB4CCD1B1C110D53007FAF19 /* SecondMadLibViewController.m */,
				AB4CCD2B1C14F380007FAF19 /* FireWorksViewController.h */,
				AB4CCD2C1C14F380007FAF19 /* FireWorksViewController.m */,
				AB1F8ED01C177AEE00505E71 /* AdLibCollectionViewController.h */,
				AB1F8ED11C177AEE00505E71 /* AdLibCollectionViewController.m */,
				AB1F8ED41C1780A600505E71 /* AdLibCustomCollectionViewCell.h */,
				AB1F8ED51C1780A600505E71 /* AdLibCustomCollectionViewCell.m */,
			);
			path = learning_obj_c;
			sourceTree = "<group>";
		};
		ABA8912F1C0214BE00907931 /* Supporting Files */ = {
			isa = PBXGroup;
			children = (
				ABA891301C0214BE00907931 /* Info.plist */,
				ABA891311C0214BE00907931 /* main.m */,
			);
			name = "Supporting Files";
			sourceTree = "<group>";
		};
		ABA891481C0214BE00907931 /* learning_obj_cTests */ = {
			isa = PBXGroup;
			children = (
				ABA8914B1C0214BE00907931 /* learning_obj_cTests.m */,
				ABA891491C0214BE00907931 /* Supporting Files */,
			);
			path = learning_obj_cTests;
			sourceTree = "<group>";
		};
		ABA891491C0214BE00907931 /* Supporting Files */ = {
			isa = PBXGroup;
			children = (
				ABA8914A1C0214BE00907931 /* Info.plist */,
			);
			name = "Supporting Files";
			sourceTree = "<group>";
		};
/* End PBXGroup section */

/* Begin PBXNativeTarget section */
		ABA8912B1C0214BE00907931 /* learning_obj_c */ = {
			isa = PBXNativeTarget;
			buildConfigurationList = ABA8914F1C0214BE00907931 /* Build configuration list for PBXNativeTarget "learning_obj_c" */;
			buildPhases = (
				ABA891281C0214BE00907931 /* Sources */,
				ABA891291C0214BE00907931 /* Frameworks */,
				ABA8912A1C0214BE00907931 /* Resources */,
			);
			buildRules = (
			);
			dependencies = (
			);
			name = learning_obj_c;
			productName = learning_obj_c;
			productReference = ABA8912C1C0214BE00907931 /* learning_obj_c.app */;
			productType = "com.apple.product-type.application";
		};
		ABA891441C0214BE00907931 /* learning_obj_cTests */ = {
			isa = PBXNativeTarget;
			buildConfigurationList = ABA891521C0214BE00907931 /* Build configuration list for PBXNativeTarget "learning_obj_cTests" */;
			buildPhases = (
				ABA891411C0214BE00907931 /* Sources */,
				ABA891421C0214BE00907931 /* Frameworks */,
				ABA891431C0214BE00907931 /* Resources */,
			);
			buildRules = (
			);
			dependencies = (
				ABA891471C0214BE00907931 /* PBXTargetDependency */,
			);
			name = learning_obj_cTests;
			productName = learning_obj_cTests;
			productReference = ABA891451C0214BE00907931 /* learning_obj_cTests.xctest */;
			productType = "com.apple.product-type.bundle.unit-test";
		};
/* End PBXNativeTarget section */

/* Begin PBXProject section */
		ABA891241C0214BE00907931 /* Project object */ = {
			isa = PBXProject;
			attributes = {
				LastUpgradeCheck = 0640;
				ORGANIZATIONNAME = "Christenson, Nick";
				TargetAttributes = {
					ABA8912B1C0214BE00907931 = {
						CreatedOnToolsVersion = 6.4;
					};
					ABA891441C0214BE00907931 = {
						CreatedOnToolsVersion = 6.4;
						TestTargetID = ABA8912B1C0214BE00907931;
					};
				};
			};
			buildConfigurationList = ABA891271C0214BE00907931 /* Build configuration list for PBXProject "learning_obj_c" */;
			compatibilityVersion = "Xcode 3.2";
			developmentRegion = English;
			hasScannedForEncodings = 0;
			knownRegions = (
				en,
				Base,
			);
			mainGroup = ABA891231C0214BE00907931;
			productRefGroup = ABA8912D1C0214BE00907931 /* Products */;
			projectDirPath = "";
			projectReferences = (
				{
					ProductGroup = AB4CCD231C14F313007FAF19 /* Products */;
					ProjectRef = AB4CCD221C14F313007FAF19 /* Fireworks-iOS.xcodeproj */;
				},
			);
			projectRoot = "";
			targets = (
				ABA8912B1C0214BE00907931 /* learning_obj_c */,
				ABA891441C0214BE00907931 /* learning_obj_cTests */,
			);
		};
/* End PBXProject section */

/* Begin PBXReferenceProxy section */
		AB4CCD2A1C14F313007FAF19 /* Fireworks-iOS.app */ = {
			isa = PBXReferenceProxy;
			fileType = wrapper.application;
			path = "Fireworks-iOS.app";
			remoteRef = AB4CCD291C14F313007FAF19 /* PBXContainerItemProxy */;
			sourceTree = BUILT_PRODUCTS_DIR;
		};
/* End PBXReferenceProxy section */

/* Begin PBXResourcesBuildPhase section */
		ABA8912A1C0214BE00907931 /* Resources */ = {
			isa = PBXResourcesBuildPhase;
			buildActionMask = 2147483647;
			files = (
				AB4CCD271C14F313007FAF19 /* README in Resources */,
				ABA8913B1C0214BE00907931 /* Main.storyboard in Resources */,
				AB4CCD261C14F313007FAF19 /* Fireworks-iOS in Resources */,
				ABA891401C0214BE00907931 /* LaunchScreen.xib in Resources */,
				ABA8913D1C0214BE00907931 /* Images.xcassets in Resources */,
			);
			runOnlyForDeploymentPostprocessing = 0;
		};
		ABA891431C0214BE00907931 /* Resources */ = {
			isa = PBXResourcesBuildPhase;
			buildActionMask = 2147483647;
			files = (
			);
			runOnlyForDeploymentPostprocessing = 0;
		};
/* End PBXResourcesBuildPhase section */

/* Begin PBXSourcesBuildPhase section */
		ABA891281C0214BE00907931 /* Sources */ = {
			isa = PBXSourcesBuildPhase;
			buildActionMask = 2147483647;
			files = (
				ABA891381C0214BE00907931 /* MainViewController.m in Sources */,
				ABA891351C0214BE00907931 /* AppDelegate.m in Sources */,
				ABA8915C1C064E5A00907931 /* PushViewController.m in Sources */,
				AB4CCD011C0CE9C7007FAF19 /* AdverbViewController.m in Sources */,
				AB1F8ED61C1780A600505E71 /* AdLibCustomCollectionViewCell.m in Sources */,
				AB4CCD041C0CEE75007FAF19 /* NounViewController.m in Sources */,
				AB4CCD071C0CEE86007FAF19 /* DisplaySentenceViewController.m in Sources */,
				AB4CCD121C0E3EC4007FAF19 /* MadLibTableViewController.m in Sources */,
				ABA891321C0214BE00907931 /* main.m in Sources */,
				AB4CCD1C1C110D53007FAF19 /* SecondMadLibViewController.m in Sources */,
				AB1F8ED21C177AEE00505E71 /* AdLibCollectionViewController.m in Sources */,
				AB4CCD2D1C14F380007FAF19 /* FireWorksViewController.m in Sources */,
			);
			runOnlyForDeploymentPostprocessing = 0;
		};
		ABA891411C0214BE00907931 /* Sources */ = {
			isa = PBXSourcesBuildPhase;
			buildActionMask = 2147483647;
			files = (
				ABA8914C1C0214BE00907931 /* learning_obj_cTests.m in Sources */,
			);
			runOnlyForDeploymentPostprocessing = 0;
		};
/* End PBXSourcesBuildPhase section */

/* Begin PBXTargetDependency section */
		ABA891471C0214BE00907931 /* PBXTargetDependency */ = {
			isa = PBXTargetDependency;
			target = ABA8912B1C0214BE00907931 /* learning_obj_c */;
			targetProxy = ABA891461C0214BE00907931 /* PBXContainerItemProxy */;
		};
/* End PBXTargetDependency section */

/* Begin PBXVariantGroup section */
		ABA891391C0214BE00907931 /* Main.storyboard */ = {
			isa = PBXVariantGroup;
			children = (
				ABA8913A1C0214BE00907931 /* Base */,
			);
			name = Main.storyboard;
			sourceTree = "<group>";
		};
		ABA8913E1C0214BE00907931 /* LaunchScreen.xib */ = {
			isa = PBXVariantGroup;
			children = (
				ABA8913F1C0214BE00907931 /* Base */,
			);
			name = LaunchScreen.xib;
			sourceTree = "<group>";
		};
/* End PBXVariantGroup section */

/* Begin XCBuildConfiguration section */
		ABA8914D1C0214BE00907931 /* Debug */ = {
			isa = XCBuildConfiguration;
			buildSettings = {
				ALWAYS_SEARCH_USER_PATHS = NO;
				CLANG_CXX_LANGUAGE_STANDARD = "gnu++0x";
				CLANG_CXX_LIBRARY = "libc++";
				CLANG_ENABLE_MODULES = YES;
				CLANG_ENABLE_OBJC_ARC = YES;
				CLANG_WARN_BOOL_CONVERSION = YES;
				CLANG_WARN_CONSTANT_CONVERSION = YES;
				CLANG_WARN_DIRECT_OBJC_ISA_USAGE = YES_ERROR;
				CLANG_WARN_EMPTY_BODY = YES;
				CLANG_WARN_ENUM_CONVERSION = YES;
				CLANG_WARN_INT_CONVERSION = YES;
				CLANG_WARN_OBJC_ROOT_CLASS = YES_ERROR;
				CLANG_WARN_UNREACHABLE_CODE = YES;
				CLANG_WARN__DUPLICATE_METHOD_MATCH = YES;
				"CODE_SIGN_IDENTITY[sdk=iphoneos*]" = "iPhone Developer";
				COPY_PHASE_STRIP = NO;
				DEBUG_INFORMATION_FORMAT = "dwarf-with-dsym";
				ENABLE_STRICT_OBJC_MSGSEND = YES;
				GCC_C_LANGUAGE_STANDARD = gnu99;
				GCC_DYNAMIC_NO_PIC = NO;
				GCC_NO_COMMON_BLOCKS = YES;
				GCC_OPTIMIZATION_LEVEL = 0;
				GCC_PREPROCESSOR_DEFINITIONS = (
					"DEBUG=1",
					"$(inherited)",
				);
				GCC_SYMBOLS_PRIVATE_EXTERN = NO;
				GCC_WARN_64_TO_32_BIT_CONVERSION = YES;
				GCC_WARN_ABOUT_RETURN_TYPE = YES_ERROR;
				GCC_WARN_UNDECLARED_SELECTOR = YES;
				GCC_WARN_UNINITIALIZED_AUTOS = YES_AGGRESSIVE;
				GCC_WARN_UNUSED_FUNCTION = YES;
				GCC_WARN_UNUSED_VARIABLE = YES;
				IPHONEOS_DEPLOYMENT_TARGET = 8.4;
				MTL_ENABLE_DEBUG_INFO = YES;
				ONLY_ACTIVE_ARCH = YES;
				SDKROOT = iphoneos;
				TARGETED_DEVICE_FAMILY = "1,2";
			};
			name = Debug;
		};
		ABA8914E1C0214BE00907931 /* Release */ = {
			isa = XCBuildConfiguration;
			buildSettings = {
				ALWAYS_SEARCH_USER_PATHS = NO;
				CLANG_CXX_LANGUAGE_STANDARD = "gnu++0x";
				CLANG_CXX_LIBRARY = "libc++";
				CLANG_ENABLE_MODULES = YES;
				CLANG_ENABLE_OBJC_ARC = YES;
				CLANG_WARN_BOOL_CONVERSION = YES;
				CLANG_WARN_CONSTANT_CONVERSION = YES;
				CLANG_WARN_DIRECT_OBJC_ISA_USAGE = YES_ERROR;
				CLANG_WARN_EMPTY_BODY = YES;
				CLANG_WARN_ENUM_CONVERSION = YES;
				CLANG_WARN_INT_CONVERSION = YES;
				CLANG_WARN_OBJC_ROOT_CLASS = YES_ERROR;
				CLANG_WARN_UNREACHABLE_CODE = YES;
				CLANG_WARN__DUPLICATE_METHOD_MATCH = YES;
				"CODE_SIGN_IDENTITY[sdk=iphoneos*]" = "iPhone Developer";
				COPY_PHASE_STRIP = NO;
				DEBUG_INFORMATION_FORMAT = "dwarf-with-dsym";
				ENABLE_NS_ASSERTIONS = NO;
				ENABLE_STRICT_OBJC_MSGSEND = YES;
				GCC_C_LANGUAGE_STANDARD = gnu99;
				GCC_NO_COMMON_BLOCKS = YES;
				GCC_WARN_64_TO_32_BIT_CONVERSION = YES;
				GCC_WARN_ABOUT_RETURN_TYPE = YES_ERROR;
				GCC_WARN_UNDECLARED_SELECTOR = YES;
				GCC_WARN_UNINITIALIZED_AUTOS = YES_AGGRESSIVE;
				GCC_WARN_UNUSED_FUNCTION = YES;
				GCC_WARN_UNUSED_VARIABLE = YES;
				IPHONEOS_DEPLOYMENT_TARGET = 8.4;
				MTL_ENABLE_DEBUG_INFO = NO;
				SDKROOT = iphoneos;
				TARGETED_DEVICE_FAMILY = "1,2";
				VALIDATE_PRODUCT = YES;
			};
			name = Release;
		};
		ABA891501C0214BE00907931 /* Debug */ = {
			isa = XCBuildConfiguration;
			buildSettings = {
				ASSETCATALOG_COMPILER_APPICON_NAME = AppIcon;
				INFOPLIST_FILE = learning_obj_c/Info.plist;
				LD_RUNPATH_SEARCH_PATHS = "$(inherited) @executable_path/Frameworks";
				PRODUCT_NAME = "$(TARGET_NAME)";
			};
			name = Debug;
		};
		ABA891511C0214BE00907931 /* Release */ = {
			isa = XCBuildConfiguration;
			buildSettings = {
				ASSETCATALOG_COMPILER_APPICON_NAME = AppIcon;
				INFOPLIST_FILE = learning_obj_c/Info.plist;
				LD_RUNPATH_SEARCH_PATHS = "$(inherited) @executable_path/Frameworks";
				PRODUCT_NAME = "$(TARGET_NAME)";
			};
			name = Release;
		};
		ABA891531C0214BE00907931 /* Debug */ = {
			isa = XCBuildConfiguration;
			buildSettings = {
				BUNDLE_LOADER = "$(TEST_HOST)";
				FRAMEWORK_SEARCH_PATHS = (
					"$(SDKROOT)/Developer/Library/Frameworks",
					"$(inherited)",
				);
				GCC_PREPROCESSOR_DEFINITIONS = (
					"DEBUG=1",
					"$(inherited)",
				);
				INFOPLIST_FILE = learning_obj_cTests/Info.plist;
				LD_RUNPATH_SEARCH_PATHS = "$(inherited) @executable_path/Frameworks @loader_path/Frameworks";
				PRODUCT_NAME = "$(TARGET_NAME)";
				TEST_HOST = "$(BUILT_PRODUCTS_DIR)/learning_obj_c.app/learning_obj_c";
			};
			name = Debug;
		};
		ABA891541C0214BE00907931 /* Release */ = {
			isa = XCBuildConfiguration;
			buildSettings = {
				BUNDLE_LOADER = "$(TEST_HOST)";
				FRAMEWORK_SEARCH_PATHS = (
					"$(SDKROOT)/Developer/Library/Frameworks",
					"$(inherited)",
				);
				INFOPLIST_FILE = learning_obj_cTests/Info.plist;
				LD_RUNPATH_SEARCH_PATHS = "$(inherited) @executable_path/Frameworks @loader_path/Frameworks";
				PRODUCT_NAME = "$(TARGET_NAME)";
				TEST_HOST = "$(BUILT_PRODUCTS_DIR)/learning_obj_c.app/learning_obj_c";
			};
			name = Release;
		};
/* End XCBuildConfiguration section */

/* Begin XCConfigurationList section */
		ABA891271C0214BE00907931 /* Build configuration list for PBXProject "learning_obj_c" */ = {
			isa = XCConfigurationList;
			buildConfigurations = (
				ABA8914D1C0214BE00907931 /* Debug */,
				ABA8914E1C0214BE00907931 /* Release */,
			);
			defaultConfigurationIsVisible = 0;
			defaultConfigurationName = Release;
		};
		ABA8914F1C0214BE00907931 /* Build configuration list for PBXNativeTarget "learning_obj_c" */ = {
			isa = XCConfigurationList;
			buildConfigurations = (
				ABA891501C0214BE00907931 /* Debug */,
				ABA891511C0214BE00907931 /* Release */,
			);
			defaultConfigurationIsVisible = 0;
			defaultConfigurationName = Release;
		};
		ABA891521C0214BE00907931 /* Build configuration list for PBXNativeTarget "learning_obj_cTests" */ = {
			isa = XCConfigurationList;
			buildConfigurations = (
				ABA891531C0214BE00907931 /* Debug */,
				ABA891541C0214BE00907931 /* Release */,
			);
			defaultConfigurationIsVisible = 0;
			defaultConfigurationName = Release;
		};
/* End XCConfigurationList section */
	};
	rootObject = ABA891241C0214BE00907931 /* Project object */;
}
